// !$*UTF8*$!
{
	archiveVersion = 1;
	classes = {
	};
	objectVersion = 46;
	objects = {

/* Begin PBXBuildFile section */
		D613D2BF1AD9C59B00876644 /* tatsumotoFuncs.cpp in Sources */ = {isa = PBXBuildFile; fileRef = D613D2BE1AD9C59B00876644 /* tatsumotoFuncs.cpp */; };
		D623F09D1ACE346C00338CCB /* main.cpp in Sources */ = {isa = PBXBuildFile; fileRef = D623F09C1ACE346C00338CCB /* main.cpp */; };
		D6594B941AD0BBB70021AF56 /* townsendFuncs.cpp in Sources */ = {isa = PBXBuildFile; fileRef = D6594B921AD0BBB70021AF56 /* townsendFuncs.cpp */; };
/* End PBXBuildFile section */

/* Begin PBXCopyFilesBuildPhase section */
		D623F0971ACE346C00338CCB /* CopyFiles */ = {
			isa = PBXCopyFilesBuildPhase;
			buildActionMask = 2147483647;
			dstPath = /usr/share/man/man1/;
			dstSubfolderSpec = 0;
			files = (
			);
			runOnlyForDeploymentPostprocessing = 1;
		};
/* End PBXCopyFilesBuildPhase section */

/* Begin PBXFileReference section */
		D613D2BD1AD9C59B00876644 /* tatsumoto_Funcs.h */ = {isa = PBXFileReference; fileEncoding = 4; lastKnownFileType = sourcecode.c.h; path = tatsumoto_Funcs.h; sourceTree = "<group>"; };
		D613D2BE1AD9C59B00876644 /* tatsumotoFuncs.cpp */ = {isa = PBXFileReference; fileEncoding = 4; lastKnownFileType = sourcecode.cpp.cpp; path = tatsumotoFuncs.cpp; sourceTree = "<group>"; };
		D623F0991ACE346C00338CCB /* Assn4_Sorts */ = {isa = PBXFileReference; explicitFileType = "compiled.mach-o.executable"; includeInIndex = 0; path = Assn4_Sorts; sourceTree = BUILT_PRODUCTS_DIR; };
		D623F09C1ACE346C00338CCB /* main.cpp */ = {isa = PBXFileReference; lastKnownFileType = sourcecode.cpp.cpp; path = main.cpp; sourceTree = "<group>"; };
		D623F0A31ACE34BD00338CCB /* Function Ideas.txt */ = {isa = PBXFileReference; fileEncoding = 4; lastKnownFileType = text; path = "Function Ideas.txt"; sourceTree = "<group>"; };
		D6594B921AD0BBB70021AF56 /* townsendFuncs.cpp */ = {isa = PBXFileReference; fileEncoding = 4; lastKnownFileType = sourcecode.cpp.cpp; path = townsendFuncs.cpp; sourceTree = "<group>"; };
		D6594B931AD0BBB70021AF56 /* townsendFuncs.h */ = {isa = PBXFileReference; fileEncoding = 4; lastKnownFileType = sourcecode.c.h; path = townsendFuncs.h; sourceTree = "<group>"; };
		D6594B951AD0BBD30021AF56 /* Common.h */ = {isa = PBXFileReference; fileEncoding = 4; lastKnownFileType = sourcecode.c.h; path = Common.h; sourceTree = "<group>"; };
/* End PBXFileReference section */

/* Begin PBXFrameworksBuildPhase section */
		D623F0961ACE346C00338CCB /* Frameworks */ = {
			isa = PBXFrameworksBuildPhase;
			buildActionMask = 2147483647;
			files = (
			);
			runOnlyForDeploymentPostprocessing = 0;
		};
/* End PBXFrameworksBuildPhase section */

/* Begin PBXGroup section */
		D623F0901ACE346C00338CCB = {
			isa = PBXGroup;
			children = (
				D623F09B1ACE346C00338CCB /* Assn4_Sorts */,
				D623F09A1ACE346C00338CCB /* Products */,
			);
			sourceTree = "<group>";
		};
		D623F09A1ACE346C00338CCB /* Products */ = {
			isa = PBXGroup;
			children = (
				D623F0991ACE346C00338CCB /* Assn4_Sorts */,
			);
			name = Products;
			sourceTree = "<group>";
		};
		D623F09B1ACE346C00338CCB /* Assn4_Sorts */ = {
			isa = PBXGroup;
			children = (
				D623F09C1ACE346C00338CCB /* main.cpp */,
				D6594B951AD0BBD30021AF56 /* Common.h */,
				D6594B931AD0BBB70021AF56 /* townsendFuncs.h */,
				D6594B921AD0BBB70021AF56 /* townsendFuncs.cpp */,
				D613D2BD1AD9C59B00876644 /* tatsumoto_Funcs.h */,
				D613D2BE1AD9C59B00876644 /* tatsumotoFuncs.cpp */,
				D623F0A31ACE34BD00338CCB /* Function Ideas.txt */,
			);
			path = Assn4_Sorts;
			sourceTree = "<group>";
		};
/* End PBXGroup section */

/* Begin PBXNativeTarget section */
		D623F0981ACE346C00338CCB /* Assn4_Sorts */ = {
			isa = PBXNativeTarget;
			buildConfigurationList = D623F0A01ACE346C00338CCB /* Build configuration list for PBXNativeTarget "Assn4_Sorts" */;
			buildPhases = (
				D623F0951ACE346C00338CCB /* Sources */,
				D623F0961ACE346C00338CCB /* Frameworks */,
				D623F0971ACE346C00338CCB /* CopyFiles */,
			);
			buildRules = (
			);
			dependencies = (
			);
			name = Assn4_Sorts;
			productName = Assn4_Sorts;
			productReference = D623F0991ACE346C00338CCB /* Assn4_Sorts */;
			productType = "com.apple.product-type.tool";
		};
/* End PBXNativeTarget section */

/* Begin PBXProject section */
		D623F0911ACE346C00338CCB /* Project object */ = {
			isa = PBXProject;
			attributes = {
				LastUpgradeCheck = 0610;
				ORGANIZATIONNAME = nrtownsend;
				TargetAttributes = {
					D623F0981ACE346C00338CCB = {
						CreatedOnToolsVersion = 6.1.1;
					};
				};
			};
			buildConfigurationList = D623F0941ACE346C00338CCB /* Build configuration list for PBXProject "Assn4_Sorts" */;
			compatibilityVersion = "Xcode 3.2";
			developmentRegion = English;
			hasScannedForEncodings = 0;
			knownRegions = (
				en,
			);
			mainGroup = D623F0901ACE346C00338CCB;
			productRefGroup = D623F09A1ACE346C00338CCB /* Products */;
			projectDirPath = "";
			projectRoot = "";
			targets = (
				D623F0981ACE346C00338CCB /* Assn4_Sorts */,
			);
		};
/* End PBXProject section */

/* Begin PBXSourcesBuildPhase section */
		D623F0951ACE346C00338CCB /* Sources */ = {
			isa = PBXSourcesBuildPhase;
			buildActionMask = 2147483647;
			files = (
				D623F09D1ACE346C00338CCB /* main.cpp in Sources */,
				D613D2BF1AD9C59B00876644 /* tatsumotoFuncs.cpp in Sources */,
				D6594B941AD0BBB70021AF56 /* townsendFuncs.cpp in Sources */,
			);
			runOnlyForDeploymentPostprocessing = 0;
		};
/* End PBXSourcesBuildPhase section */

/* Begin XCBuildConfiguration section */
		D623F09E1ACE346C00338CCB /* Debug */ = {
			isa = XCBuildConfiguration;
			buildSettings = {
				ALWAYS_SEARCH_USER_PATHS = NO;
				CLANG_CXX_LANGUAGE_STANDARD = "gnu++0x";
				CLANG_CXX_LIBRARY = "libc++";
				CLANG_ENABLE_MODULES = YES;
				CLANG_ENABLE_OBJC_ARC = YES;
				CLANG_WARN_BOOL_CONVERSION = YES;
				CLANG_WARN_CONSTANT_CONVERSION = YES;
				CLANG_WARN_DIRECT_OBJC_ISA_USAGE = YES_ERROR;
				CLANG_WARN_EMPTY_BODY = YES;
				CLANG_WARN_ENUM_CONVERSION = YES;
				CLANG_WARN_INT_CONVERSION = YES;
				CLANG_WARN_OBJC_ROOT_CLASS = YES_ERROR;
				CLANG_WARN_UNREACHABLE_CODE = YES;
				CLANG_WARN__DUPLICATE_METHOD_MATCH = YES;
				COPY_PHASE_STRIP = NO;
				ENABLE_STRICT_OBJC_MSGSEND = YES;
				GCC_C_LANGUAGE_STANDARD = gnu99;
				GCC_DYNAMIC_NO_PIC = NO;
				GCC_OPTIMIZATION_LEVEL = 0;
				GCC_PREPROCESSOR_DEFINITIONS = (
					"DEBUG=1",
					"$(inherited)",
				);
				GCC_SYMBOLS_PRIVATE_EXTERN = NO;
				GCC_WARN_64_TO_32_BIT_CONVERSION = YES;
				GCC_WARN_ABOUT_RETURN_TYPE = YES_ERROR;
				GCC_WARN_UNDECLARED_SELECTOR = YES;
				GCC_WARN_UNINITIALIZED_AUTOS = YES_AGGRESSIVE;
				GCC_WARN_UNUSED_FUNCTION = YES;
				GCC_WARN_UNUSED_VARIABLE = YES;
				MACOSX_DEPLOYMENT_TARGET = 10.10;
				MTL_ENABLE_DEBUG_INFO = YES;
				ONLY_ACTIVE_ARCH = YES;
				SDKROOT = macosx;
			};
			name = Debug;
		};
		D623F09F1ACE346C00338CCB /* Release */ = {
			isa = XCBuildConfiguration;
			buildSettings = {
				ALWAYS_SEARCH_USER_PATHS = NO;
				CLANG_CXX_LANGUAGE_STANDARD = "gnu++0x";
				CLANG_CXX_LIBRARY = "libc++";
				CLANG_ENABLE_MODULES = YES;
				CLANG_ENABLE_OBJC_ARC = YES;
				CLANG_WARN_BOOL_CONVERSION = YES;
				CLANG_WARN_CONSTANT_CONVERSION = YES;
				CLANG_WARN_DIRECT_OBJC_ISA_USAGE = YES_ERROR;
				CLANG_WARN_EMPTY_BODY = YES;
				CLANG_WARN_ENUM_CONVERSION = YES;
				CLANG_WARN_INT_CONVERSION = YES;
				CLANG_WARN_OBJC_ROOT_CLASS = YES_ERROR;
				CLANG_WARN_UNREACHABLE_CODE = YES;
				CLANG_WARN__DUPLICATE_METHOD_MATCH = YES;
				COPY_PHASE_STRIP = YES;
				DEBUG_INFORMATION_FORMAT = "dwarf-with-dsym";
				ENABLE_NS_ASSERTIONS = NO;
				ENABLE_STRICT_OBJC_MSGSEND = YES;
				GCC_C_LANGUAGE_STANDARD = gnu99;
				GCC_WARN_64_TO_32_BIT_CONVERSION = YES;
				GCC_WARN_ABOUT_RETURN_TYPE = YES_ERROR;
				GCC_WARN_UNDECLARED_SELECTOR = YES;
				GCC_WARN_UNINITIALIZED_AUTOS = YES_AGGRESSIVE;
				GCC_WARN_UNUSED_FUNCTION = YES;
				GCC_WARN_UNUSED_VARIABLE = YES;
				MACOSX_DEPLOYMENT_TARGET = 10.10;
				MTL_ENABLE_DEBUG_INFO = NO;
				SDKROOT = macosx;
			};
			name = Release;
		};
		D623F0A11ACE346C00338CCB /* Debug */ = {
			isa = XCBuildConfiguration;
			buildSettings = {
				PRODUCT_NAME = "$(TARGET_NAME)";
			};
			name = Debug;
		};
		D623F0A21ACE346C00338CCB /* Release */ = {
			isa = XCBuildConfiguration;
			buildSettings = {
				PRODUCT_NAME = "$(TARGET_NAME)";
			};
			name = Release;
		};
/* End XCBuildConfiguration section */

/* Begin XCConfigurationList section */
		D623F0941ACE346C00338CCB /* Build configuration list for PBXProject "Assn4_Sorts" */ = {
			isa = XCConfigurationList;
			buildConfigurations = (
				D623F09E1ACE346C00338CCB /* Debug */,
				D623F09F1ACE346C00338CCB /* Release */,
			);
			defaultConfigurationIsVisible = 0;
			defaultConfigurationName = Release;
		};
		D623F0A01ACE346C00338CCB /* Build configuration list for PBXNativeTarget "Assn4_Sorts" */ = {
			isa = XCConfigurationList;
			buildConfigurations = (
				D623F0A11ACE346C00338CCB /* Debug */,
				D623F0A21ACE346C00338CCB /* Release */,
			);
			defaultConfigurationIsVisible = 0;
			defaultConfigurationName = Release;
		};
/* End XCConfigurationList section */
	};
	rootObject = D623F0911ACE346C00338CCB /* Project object */;
}
